// !$*UTF8*$!
{
	archiveVersion = 1;
	classes = {
	};
	objectVersion = 77;
	objects = {

/* Begin PBXBuildFile section */
		00D2DC6429BE19C77FE92463 /* Theme.swift in Sources */ = {isa = PBXBuildFile; fileRef = 2E8418B539C2E368A6F34609 /* Theme.swift */; };
		1406D8EFF649BFDE1D196634 /* AppSettings.swift in Sources */ = {isa = PBXBuildFile; fileRef = 8C5B24B5F80DB26CD5793678 /* AppSettings.swift */; };
		15E3A39E9684B99CF0B5829E /* OverviewPresentation.swift in Sources */ = {isa = PBXBuildFile; fileRef = 15A3A2BA8DFFA077075D2D8D /* OverviewPresentation.swift */; };
		17A0B3D282C3C7668DBD4F21 /* PowerTreeTests.swift in Sources */ = {isa = PBXBuildFile; fileRef = 77CD2EB31B8F5CF61E42478B /* PowerTreeTests.swift */; };
		1CCE1F662D452E01BB3EBF3F /* PowerMonitorTests.swift in Sources */ = {isa = PBXBuildFile; fileRef = 05E15D9C9E43622193B7CC57 /* PowerMonitorTests.swift */; };
		299A207C4CEEBA0B565BDCB1 /* PowerTreeView.swift in Sources */ = {isa = PBXBuildFile; fileRef = BA51C57C2DA3F4D6C227D074 /* PowerTreeView.swift */; };
		330F72D29FDC5AD82182C20B /* PowerPresentation.swift in Sources */ = {isa = PBXBuildFile; fileRef = 8FA44B4EDBDE6FE62D45A336 /* PowerPresentation.swift */; };
		3967425A1F28E5EAA886E9B4 /* PortName.swift in Sources */ = {isa = PBXBuildFile; fileRef = EBD3F43A8D096FBE359637DD /* PortName.swift */; };
		3A7E60A1EF8C416EF89B2E01 /* Fixtures.swift in Sources */ = {isa = PBXBuildFile; fileRef = BCCA001A87A1CEC39E01381D /* Fixtures.swift */; };
		3A94945760F9EEB2DEDE8603 /* HistoryChartCard.swift in Sources */ = {isa = PBXBuildFile; fileRef = 24AF91567342D599D82F3B98 /* HistoryChartCard.swift */; };
		4E1E93E82EB7D6A230204255 /* PowerState.swift in Sources */ = {isa = PBXBuildFile; fileRef = 0DC19B214AD3BEAE48CF4F51 /* PowerState.swift */; };
		528C9CBCE6DF94386B6CC6F9 /* PowerPresentationTests.swift in Sources */ = {isa = PBXBuildFile; fileRef = C98F50BF6B13AE1D4DD443F8 /* PowerPresentationTests.swift */; };
		561F3DED5CC10DA79340B057 /* Zappie.icon in Resources */ = {isa = PBXBuildFile; fileRef = 631C5C8CC927B0417091EA74 /* Zappie.icon */; };
		57CF806824E09917D6C76FE0 /* DetailPresentation.swift in Sources */ = {isa = PBXBuildFile; fileRef = 57F9520C806283AAE550071D /* DetailPresentation.swift */; };
		6130852D68249B8E9A3AD106 /* USBOutputTests.swift in Sources */ = {isa = PBXBuildFile; fileRef = 4EED5C85B9893B2F56CFB185 /* USBOutputTests.swift */; };
		6137AB04F882DC845B66F75A /* DetailPresentationTests.swift in Sources */ = {isa = PBXBuildFile; fileRef = 66C8265EFB803AA04E32E648 /* DetailPresentationTests.swift */; };
		621E3B3144A8E404CA81922C /* PowerSnapshot.swift in Sources */ = {isa = PBXBuildFile; fileRef = 0F08A0289524457FEC729F3D /* PowerSnapshot.swift */; };
		746BE44DEF7430355DFC1197 /* SMCTests.swift in Sources */ = {isa = PBXBuildFile; fileRef = 799E6411509EC3011CE393DD /* SMCTests.swift */; };
		74A39F86A1EB6F5C603D6F4D /* SMC.swift in Sources */ = {isa = PBXBuildFile; fileRef = 09D821FE982C863BEE458776 /* SMC.swift */; };
		7F0983B292E396396E4E4405 /* PowerReaderTests.swift in Sources */ = {isa = PBXBuildFile; fileRef = D57096C1A0A7D2E47186B3D6 /* PowerReaderTests.swift */; };
		8A2DC301ADAEFCF0AFCCFCEE /* MenuBarLabel.swift in Sources */ = {isa = PBXBuildFile; fileRef = 9D37628C3B4896787F5DCD27 /* MenuBarLabel.swift */; };
		95D0A28CAF7F0A3C2E181D30 /* PowerTree.swift in Sources */ = {isa = PBXBuildFile; fileRef = 38330E5FDEB27A99AEEF7E9F /* PowerTree.swift */; };
		9613E6C53EF77AA4DA84F8BD /* DropdownView.swift in Sources */ = {isa = PBXBuildFile; fileRef = BAD9AFAA5699DB8098969E11 /* DropdownView.swift */; };
		974A4B394BE575B85113B61C /* PowerHistoryTests.swift in Sources */ = {isa = PBXBuildFile; fileRef = 5D36A6E69A1963BE036FCFA6 /* PowerHistoryTests.swift */; };
		9BADC53928C66DEBBFBA09E6 /* PowerStateTests.swift in Sources */ = {isa = PBXBuildFile; fileRef = E3EB8A7FE005B79EFD947AF9 /* PowerStateTests.swift */; };
		9FBD0BEC5E0C1C55B224FB3C /* PowerHistory.swift in Sources */ = {isa = PBXBuildFile; fileRef = 2969A9F90202742BE828E145 /* PowerHistory.swift */; };
		A858C84891B5132F645219D2 /* OverviewView.swift in Sources */ = {isa = PBXBuildFile; fileRef = 1646210A36754EDFC85A2BD2 /* OverviewView.swift */; };
		AACC8BEEBAD136EC3B3806AE /* ChargeReason.swift in Sources */ = {isa = PBXBuildFile; fileRef = F25AD71C9E144F740965B92A /* ChargeReason.swift */; };
		AEEB27E6096F64328C9C4EB3 /* MainWindow.swift in Sources */ = {isa = PBXBuildFile; fileRef = B2F25DC705E2A122CF11F2BB /* MainWindow.swift */; };
		B97205B817EEB4D27558E562 /* TelemetryValidityTests.swift in Sources */ = {isa = PBXBuildFile; fileRef = 595227BE92B81A5D5040AC90 /* TelemetryValidityTests.swift */; };
		BC7647B8A5765AB03B8314A3 /* OverviewPresentationTests.swift in Sources */ = {isa = PBXBuildFile; fileRef = 3EF1CCB988B78D05E5CD0F97 /* OverviewPresentationTests.swift */; };
		D47FD7D38E6CE68507B9F237 /* DetailTabs.swift in Sources */ = {isa = PBXBuildFile; fileRef = 455979CEE452E0D1B6E3E37D /* DetailTabs.swift */; };
		DF4B020F6D35D235A900B09B /* PowerReader.swift in Sources */ = {isa = PBXBuildFile; fileRef = 13BE3D6743EDAE837C213FA1 /* PowerReader.swift */; };
		E2ED9D02EFD118519212FA03 /* PowerMonitor.swift in Sources */ = {isa = PBXBuildFile; fileRef = FB3C3CEC65392B9A0488556A /* PowerMonitor.swift */; };
		E7951F9C0DA3BBC42B358B0D /* ZappieApp.swift in Sources */ = {isa = PBXBuildFile; fileRef = 249616148354C772AB6A3241 /* ZappieApp.swift */; };
		F1E721D1E71CDED586746C3E /* RenderSnapshots.swift in Sources */ = {isa = PBXBuildFile; fileRef = ECF335F87073EB7F647303B3 /* RenderSnapshots.swift */; };
		FDA229E071BB5D6806397E75 /* ChargeReasonTests.swift in Sources */ = {isa = PBXBuildFile; fileRef = 5A7F819B5C9F8BBBB05199C9 /* ChargeReasonTests.swift */; };
/* End PBXBuildFile section */

/* Begin PBXContainerItemProxy section */
		E572C77E71DB4DF373B3EFF0 /* PBXContainerItemProxy */ = {
			isa = PBXContainerItemProxy;
			containerPortal = 525606333E979EE831764C6E /* Project object */;
			proxyType = 1;
			remoteGlobalIDString = 9E745E193E47E4D35B294AA4;
			remoteInfo = Zappie;
		};
/* End PBXContainerItemProxy section */

/* Begin PBXFileReference section */
		05E15D9C9E43622193B7CC57 /* PowerMonitorTests.swift */ = {isa = PBXFileReference; lastKnownFileType = sourcecode.swift; path = PowerMonitorTests.swift; sourceTree = "<group>"; };
		08413A2A677AB6BE452D0F9A /* Zappie.app */ = {isa = PBXFileReference; explicitFileType = wrapper.application; includeInIndex = 0; path = Zappie.app; sourceTree = BUILT_PRODUCTS_DIR; };
		09D821FE982C863BEE458776 /* SMC.swift */ = {isa = PBXFileReference; lastKnownFileType = sourcecode.swift; path = SMC.swift; sourceTree = "<group>"; };
		0DC19B214AD3BEAE48CF4F51 /* PowerState.swift */ = {isa = PBXFileReference; lastKnownFileType = sourcecode.swift; path = PowerState.swift; sourceTree = "<group>"; };
		0F08A0289524457FEC729F3D /* PowerSnapshot.swift */ = {isa = PBXFileReference; lastKnownFileType = sourcecode.swift; path = PowerSnapshot.swift; sourceTree = "<group>"; };
		13BE3D6743EDAE837C213FA1 /* PowerReader.swift */ = {isa = PBXFileReference; lastKnownFileType = sourcecode.swift; path = PowerReader.swift; sourceTree = "<group>"; };
		15A3A2BA8DFFA077075D2D8D /* OverviewPresentation.swift */ = {isa = PBXFileReference; lastKnownFileType = sourcecode.swift; path = OverviewPresentation.swift; sourceTree = "<group>"; };
		1646210A36754EDFC85A2BD2 /* OverviewView.swift */ = {isa = PBXFileReference; lastKnownFileType = sourcecode.swift; path = OverviewView.swift; sourceTree = "<group>"; };
		249616148354C772AB6A3241 /* ZappieApp.swift */ = {isa = PBXFileReference; lastKnownFileType = sourcecode.swift; path = ZappieApp.swift; sourceTree = "<group>"; };
		24AF91567342D599D82F3B98 /* HistoryChartCard.swift */ = {isa = PBXFileReference; lastKnownFileType = sourcecode.swift; path = HistoryChartCard.swift; sourceTree = "<group>"; };
		2969A9F90202742BE828E145 /* PowerHistory.swift */ = {isa = PBXFileReference; lastKnownFileType = sourcecode.swift; path = PowerHistory.swift; sourceTree = "<group>"; };
		2E8418B539C2E368A6F34609 /* Theme.swift */ = {isa = PBXFileReference; lastKnownFileType = sourcecode.swift; path = Theme.swift; sourceTree = "<group>"; };
		364A31146216196A6CAF1B82 /* ZappieTests.xctest */ = {isa = PBXFileReference; explicitFileType = wrapper.cfbundle; includeInIndex = 0; path = ZappieTests.xctest; sourceTree = BUILT_PRODUCTS_DIR; };
		38330E5FDEB27A99AEEF7E9F /* PowerTree.swift */ = {isa = PBXFileReference; lastKnownFileType = sourcecode.swift; path = PowerTree.swift; sourceTree = "<group>"; };
		3EF1CCB988B78D05E5CD0F97 /* OverviewPresentationTests.swift */ = {isa = PBXFileReference; lastKnownFileType = sourcecode.swift; path = OverviewPresentationTests.swift; sourceTree = "<group>"; };
		455979CEE452E0D1B6E3E37D /* DetailTabs.swift */ = {isa = PBXFileReference; lastKnownFileType = sourcecode.swift; path = DetailTabs.swift; sourceTree = "<group>"; };
		4EED5C85B9893B2F56CFB185 /* USBOutputTests.swift */ = {isa = PBXFileReference; lastKnownFileType = sourcecode.swift; path = USBOutputTests.swift; sourceTree = "<group>"; };
		57F9520C806283AAE550071D /* DetailPresentation.swift */ = {isa = PBXFileReference; lastKnownFileType = sourcecode.swift; path = DetailPresentation.swift; sourceTree = "<group>"; };
		595227BE92B81A5D5040AC90 /* TelemetryValidityTests.swift */ = {isa = PBXFileReference; lastKnownFileType = sourcecode.swift; path = TelemetryValidityTests.swift; sourceTree = "<group>"; };
		5A7F819B5C9F8BBBB05199C9 /* ChargeReasonTests.swift */ = {isa = PBXFileReference; lastKnownFileType = sourcecode.swift; path = ChargeReasonTests.swift; sourceTree = "<group>"; };
		5D36A6E69A1963BE036FCFA6 /* PowerHistoryTests.swift */ = {isa = PBXFileReference; lastKnownFileType = sourcecode.swift; path = PowerHistoryTests.swift; sourceTree = "<group>"; };
		631C5C8CC927B0417091EA74 /* Zappie.icon */ = {isa = PBXFileReference; lastKnownFileType = wrapper.icon; path = Zappie.icon; sourceTree = "<group>"; };
		66C8265EFB803AA04E32E648 /* DetailPresentationTests.swift */ = {isa = PBXFileReference; lastKnownFileType = sourcecode.swift; path = DetailPresentationTests.swift; sourceTree = "<group>"; };
		77CD2EB31B8F5CF61E42478B /* PowerTreeTests.swift */ = {isa = PBXFileReference; lastKnownFileType = sourcecode.swift; path = PowerTreeTests.swift; sourceTree = "<group>"; };
		799E6411509EC3011CE393DD /* SMCTests.swift */ = {isa = PBXFileReference; lastKnownFileType = sourcecode.swift; path = SMCTests.swift; sourceTree = "<group>"; };
		8C5B24B5F80DB26CD5793678 /* AppSettings.swift */ = {isa = PBXFileReference; lastKnownFileType = sourcecode.swift; path = AppSettings.swift; sourceTree = "<group>"; };
		8FA44B4EDBDE6FE62D45A336 /* PowerPresentation.swift */ = {isa = PBXFileReference; lastKnownFileType = sourcecode.swift; path = PowerPresentation.swift; sourceTree = "<group>"; };
		9D37628C3B4896787F5DCD27 /* MenuBarLabel.swift */ = {isa = PBXFileReference; lastKnownFileType = sourcecode.swift; path = MenuBarLabel.swift; sourceTree = "<group>"; };
		B2F25DC705E2A122CF11F2BB /* MainWindow.swift */ = {isa = PBXFileReference; lastKnownFileType = sourcecode.swift; path = MainWindow.swift; sourceTree = "<group>"; };
		BA51C57C2DA3F4D6C227D074 /* PowerTreeView.swift */ = {isa = PBXFileReference; lastKnownFileType = sourcecode.swift; path = PowerTreeView.swift; sourceTree = "<group>"; };
		BAD9AFAA5699DB8098969E11 /* DropdownView.swift */ = {isa = PBXFileReference; lastKnownFileType = sourcecode.swift; path = DropdownView.swift; sourceTree = "<group>"; };
		BCCA001A87A1CEC39E01381D /* Fixtures.swift */ = {isa = PBXFileReference; lastKnownFileType = sourcecode.swift; path = Fixtures.swift; sourceTree = "<group>"; };
		C98F50BF6B13AE1D4DD443F8 /* PowerPresentationTests.swift */ = {isa = PBXFileReference; lastKnownFileType = sourcecode.swift; path = PowerPresentationTests.swift; sourceTree = "<group>"; };
		D57096C1A0A7D2E47186B3D6 /* PowerReaderTests.swift */ = {isa = PBXFileReference; lastKnownFileType = sourcecode.swift; path = PowerReaderTests.swift; sourceTree = "<group>"; };
		E3EB8A7FE005B79EFD947AF9 /* PowerStateTests.swift */ = {isa = PBXFileReference; lastKnownFileType = sourcecode.swift; path = PowerStateTests.swift; sourceTree = "<group>"; };
		EBD3F43A8D096FBE359637DD /* PortName.swift */ = {isa = PBXFileReference; lastKnownFileType = sourcecode.swift; path = PortName.swift; sourceTree = "<group>"; };
		ECF335F87073EB7F647303B3 /* RenderSnapshots.swift */ = {isa = PBXFileReference; lastKnownFileType = sourcecode.swift; path = RenderSnapshots.swift; sourceTree = "<group>"; };
		F25AD71C9E144F740965B92A /* ChargeReason.swift */ = {isa = PBXFileReference; lastKnownFileType = sourcecode.swift; path = ChargeReason.swift; sourceTree = "<group>"; };
		FB3C3CEC65392B9A0488556A /* PowerMonitor.swift */ = {isa = PBXFileReference; lastKnownFileType = sourcecode.swift; path = PowerMonitor.swift; sourceTree = "<group>"; };
/* End PBXFileReference section */

/* Begin PBXGroup section */
		4673A474E057B93BE5904789 /* Power */ = {
			isa = PBXGroup;
			children = (
				F25AD71C9E144F740965B92A /* ChargeReason.swift */,
				EBD3F43A8D096FBE359637DD /* PortName.swift */,
				2969A9F90202742BE828E145 /* PowerHistory.swift */,
				FB3C3CEC65392B9A0488556A /* PowerMonitor.swift */,
				13BE3D6743EDAE837C213FA1 /* PowerReader.swift */,
				0F08A0289524457FEC729F3D /* PowerSnapshot.swift */,
				0DC19B214AD3BEAE48CF4F51 /* PowerState.swift */,
				09D821FE982C863BEE458776 /* SMC.swift */,
			);
			path = Power;
			sourceTree = "<group>";
		};
		61B3D38CF6142BA227B00593 /* Products */ = {
			isa = PBXGroup;
			children = (
				08413A2A677AB6BE452D0F9A /* Zappie.app */,
				364A31146216196A6CAF1B82 /* ZappieTests.xctest */,
			);
			name = Products;
			sourceTree = "<group>";
		};
		6BFBE1119DD1CE2649669ADF /* UI */ = {
			isa = PBXGroup;
			children = (
				57F9520C806283AAE550071D /* DetailPresentation.swift */,
				455979CEE452E0D1B6E3E37D /* DetailTabs.swift */,
				BAD9AFAA5699DB8098969E11 /* DropdownView.swift */,
				24AF91567342D599D82F3B98 /* HistoryChartCard.swift */,
				B2F25DC705E2A122CF11F2BB /* MainWindow.swift */,
				9D37628C3B4896787F5DCD27 /* MenuBarLabel.swift */,
				15A3A2BA8DFFA077075D2D8D /* OverviewPresentation.swift */,
				1646210A36754EDFC85A2BD2 /* OverviewView.swift */,
				8FA44B4EDBDE6FE62D45A336 /* PowerPresentation.swift */,
				38330E5FDEB27A99AEEF7E9F /* PowerTree.swift */,
				BA51C57C2DA3F4D6C227D074 /* PowerTreeView.swift */,
				2E8418B539C2E368A6F34609 /* Theme.swift */,
			);
			path = UI;
			sourceTree = "<group>";
		};
		73F75249484600B5A5FA8208 /* Zappie */ = {
			isa = PBXGroup;
			children = (
				8C5B24B5F80DB26CD5793678 /* AppSettings.swift */,
				631C5C8CC927B0417091EA74 /* Zappie.icon */,
				249616148354C772AB6A3241 /* ZappieApp.swift */,
				4673A474E057B93BE5904789 /* Power */,
				6BFBE1119DD1CE2649669ADF /* UI */,
			);
			path = Zappie;
			sourceTree = "<group>";
		};
		90ABF844A4F4BF6C11BCDC03 = {
			isa = PBXGroup;
			children = (
				73F75249484600B5A5FA8208 /* Zappie */,
				F7B3BF6E3BB30BA4ADF94517 /* ZappieTests */,
				61B3D38CF6142BA227B00593 /* Products */,
			);
			sourceTree = "<group>";
		};
		F7B3BF6E3BB30BA4ADF94517 /* ZappieTests */ = {
			isa = PBXGroup;
			children = (
				5A7F819B5C9F8BBBB05199C9 /* ChargeReasonTests.swift */,
				66C8265EFB803AA04E32E648 /* DetailPresentationTests.swift */,
				BCCA001A87A1CEC39E01381D /* Fixtures.swift */,
				3EF1CCB988B78D05E5CD0F97 /* OverviewPresentationTests.swift */,
				5D36A6E69A1963BE036FCFA6 /* PowerHistoryTests.swift */,
				05E15D9C9E43622193B7CC57 /* PowerMonitorTests.swift */,
				C98F50BF6B13AE1D4DD443F8 /* PowerPresentationTests.swift */,
				D57096C1A0A7D2E47186B3D6 /* PowerReaderTests.swift */,
				E3EB8A7FE005B79EFD947AF9 /* PowerStateTests.swift */,
				77CD2EB31B8F5CF61E42478B /* PowerTreeTests.swift */,
				ECF335F87073EB7F647303B3 /* RenderSnapshots.swift */,
				799E6411509EC3011CE393DD /* SMCTests.swift */,
				595227BE92B81A5D5040AC90 /* TelemetryValidityTests.swift */,
				4EED5C85B9893B2F56CFB185 /* USBOutputTests.swift */,
			);
			path = ZappieTests;
			sourceTree = "<group>";
		};
/* End PBXGroup section */

/* Begin PBXNativeTarget section */
		648454CA1AB8812611538E90 /* ZappieTests */ = {
			isa = PBXNativeTarget;
			buildConfigurationList = A2B84A35B6DC780BAF6F65B0 /* Build configuration list for PBXNativeTarget "ZappieTests" */;
			buildPhases = (
				59DC14821D493C25D9659864 /* Sources */,
			);
			buildRules = (
			);
			dependencies = (
				DFD47BD9CE788C4A41A1C9F1 /* PBXTargetDependency */,
			);
			name = ZappieTests;
			packageProductDependencies = (
			);
			productName = ZappieTests;
			productReference = 364A31146216196A6CAF1B82 /* ZappieTests.xctest */;
			productType = "com.apple.product-type.bundle.unit-test";
		};
		9E745E193E47E4D35B294AA4 /* Zappie */ = {
			isa = PBXNativeTarget;
			buildConfigurationList = EF05A036E44648FD4BC48045 /* Build configuration list for PBXNativeTarget "Zappie" */;
			buildPhases = (
				844AA5318FDC436F9EB5BB8C /* Sources */,
				E329BD6469F89E2736E0C13E /* Resources */,
			);
			buildRules = (
			);
			dependencies = (
			);
			name = Zappie;
			packageProductDependencies = (
			);
			productName = Zappie;
			productReference = 08413A2A677AB6BE452D0F9A /* Zappie.app */;
			productType = "com.apple.product-type.application";
		};
/* End PBXNativeTarget section */

/* Begin PBXProject section */
		525606333E979EE831764C6E /* Project object */ = {
			isa = PBXProject;
			attributes = {
				BuildIndependentTargetsInParallel = YES;
				LastUpgradeCheck = 1430;
				TargetAttributes = {
					648454CA1AB8812611538E90 = {
						DevelopmentTeam = ACTN9LPR35;
						ProvisioningStyle = Automatic;
					};
					9E745E193E47E4D35B294AA4 = {
						DevelopmentTeam = ACTN9LPR35;
						ProvisioningStyle = Automatic;
					};
				};
			};
			buildConfigurationList = 1D67FB9F143FD203454B8223 /* Build configuration list for PBXProject "Zappie" */;
			developmentRegion = en;
			hasScannedForEncodings = 0;
			knownRegions = (
				Base,
				en,
			);
			mainGroup = 90ABF844A4F4BF6C11BCDC03;
			minimizedProjectReferenceProxies = 1;
			preferredProjectObjectVersion = 77;
			productRefGroup = 61B3D38CF6142BA227B00593 /* Products */;
			projectDirPath = "";
			projectRoot = "";
			targets = (
				9E745E193E47E4D35B294AA4 /* Zappie */,
				648454CA1AB8812611538E90 /* ZappieTests */,
			);
		};
/* End PBXProject section */

/* Begin PBXResourcesBuildPhase section */
		E329BD6469F89E2736E0C13E /* Resources */ = {
			isa = PBXResourcesBuildPhase;
			buildActionMask = 2147483647;
			files = (
				561F3DED5CC10DA79340B057 /* Zappie.icon in Resources */,
			);
			runOnlyForDeploymentPostprocessing = 0;
		};
/* End PBXResourcesBuildPhase section */

/* Begin PBXSourcesBuildPhase section */
		59DC14821D493C25D9659864 /* Sources */ = {
			isa = PBXSourcesBuildPhase;
			buildActionMask = 2147483647;
			files = (
				FDA229E071BB5D6806397E75 /* ChargeReasonTests.swift in Sources */,
				6137AB04F882DC845B66F75A /* DetailPresentationTests.swift in Sources */,
				3A7E60A1EF8C416EF89B2E01 /* Fixtures.swift in Sources */,
				BC7647B8A5765AB03B8314A3 /* OverviewPresentationTests.swift in Sources */,
				974A4B394BE575B85113B61C /* PowerHistoryTests.swift in Sources */,
				1CCE1F662D452E01BB3EBF3F /* PowerMonitorTests.swift in Sources */,
				528C9CBCE6DF94386B6CC6F9 /* PowerPresentationTests.swift in Sources */,
				7F0983B292E396396E4E4405 /* PowerReaderTests.swift in Sources */,
				9BADC53928C66DEBBFBA09E6 /* PowerStateTests.swift in Sources */,
				17A0B3D282C3C7668DBD4F21 /* PowerTreeTests.swift in Sources */,
				F1E721D1E71CDED586746C3E /* RenderSnapshots.swift in Sources */,
				746BE44DEF7430355DFC1197 /* SMCTests.swift in Sources */,
				B97205B817EEB4D27558E562 /* TelemetryValidityTests.swift in Sources */,
				6130852D68249B8E9A3AD106 /* USBOutputTests.swift in Sources */,
			);
			runOnlyForDeploymentPostprocessing = 0;
		};
		844AA5318FDC436F9EB5BB8C /* Sources */ = {
			isa = PBXSourcesBuildPhase;
			buildActionMask = 2147483647;
			files = (
				1406D8EFF649BFDE1D196634 /* AppSettings.swift in Sources */,
				AACC8BEEBAD136EC3B3806AE /* ChargeReason.swift in Sources */,
				57CF806824E09917D6C76FE0 /* DetailPresentation.swift in Sources */,
				D47FD7D38E6CE68507B9F237 /* DetailTabs.swift in Sources */,
				9613E6C53EF77AA4DA84F8BD /* DropdownView.swift in Sources */,
				3A94945760F9EEB2DEDE8603 /* HistoryChartCard.swift in Sources */,
				AEEB27E6096F64328C9C4EB3 /* MainWindow.swift in Sources */,
				8A2DC301ADAEFCF0AFCCFCEE /* MenuBarLabel.swift in Sources */,
				15E3A39E9684B99CF0B5829E /* OverviewPresentation.swift in Sources */,
				A858C84891B5132F645219D2 /* OverviewView.swift in Sources */,
				3967425A1F28E5EAA886E9B4 /* PortName.swift in Sources */,
				9FBD0BEC5E0C1C55B224FB3C /* PowerHistory.swift in Sources */,
				E2ED9D02EFD118519212FA03 /* PowerMonitor.swift in Sources */,
				330F72D29FDC5AD82182C20B /* PowerPresentation.swift in Sources */,
				DF4B020F6D35D235A900B09B /* PowerReader.swift in Sources */,
				621E3B3144A8E404CA81922C /* PowerSnapshot.swift in Sources */,
				4E1E93E82EB7D6A230204255 /* PowerState.swift in Sources */,
				95D0A28CAF7F0A3C2E181D30 /* PowerTree.swift in Sources */,
				299A207C4CEEBA0B565BDCB1 /* PowerTreeView.swift in Sources */,
				74A39F86A1EB6F5C603D6F4D /* SMC.swift in Sources */,
				00D2DC6429BE19C77FE92463 /* Theme.swift in Sources */,
				E7951F9C0DA3BBC42B358B0D /* ZappieApp.swift in Sources */,
			);
			runOnlyForDeploymentPostprocessing = 0;
		};
/* End PBXSourcesBuildPhase section */

/* Begin PBXTargetDependency section */
		DFD47BD9CE788C4A41A1C9F1 /* PBXTargetDependency */ = {
			isa = PBXTargetDependency;
			target = 9E745E193E47E4D35B294AA4 /* Zappie */;
			targetProxy = E572C77E71DB4DF373B3EFF0 /* PBXContainerItemProxy */;
		};
/* End PBXTargetDependency section */

/* Begin XCBuildConfiguration section */
		086E15CED771968515B1DE84 /* Release */ = {
			isa = XCBuildConfiguration;
			buildSettings = {
				ARCHS = arm64;
				ASSETCATALOG_COMPILER_APPICON_NAME = Zappie;
				COMBINE_HIDPI_IMAGES = YES;
				ENABLE_APP_SANDBOX = NO;
				ENABLE_HARDENED_RUNTIME = YES;
				INFOPLIST_KEY_LSApplicationCategoryType = "public.app-category.utilities";
				INFOPLIST_KEY_LSUIElement = YES;
				LD_RUNPATH_SEARCH_PATHS = (
					"$(inherited)",
					"@executable_path/../Frameworks",
				);
				PRODUCT_BUNDLE_IDENTIFIER = com.mxvixxn.Zappie;
				SDKROOT = macosx;
			};
			name = Release;
		};
		6384232D32BD4BB8EE98D62E /* Debug */ = {
			isa = XCBuildConfiguration;
			buildSettings = {
				ALWAYS_SEARCH_USER_PATHS = NO;
				CLANG_ANALYZER_NONNULL = YES;
				CLANG_ANALYZER_NUMBER_OBJECT_CONVERSION = YES_AGGRESSIVE;
				CLANG_CXX_LANGUAGE_STANDARD = "gnu++14";
				CLANG_CXX_LIBRARY = "libc++";
				CLANG_ENABLE_MODULES = YES;
				CLANG_ENABLE_OBJC_ARC = YES;
				CLANG_ENABLE_OBJC_WEAK = YES;
				CLANG_WARN_BLOCK_CAPTURE_AUTORELEASING = YES;
				CLANG_WARN_BOOL_CONVERSION = YES;
				CLANG_WARN_COMMA = YES;
				CLANG_WARN_CONSTANT_CONVERSION = YES;
				CLANG_WARN_DEPRECATED_OBJC_IMPLEMENTATIONS = YES;
				CLANG_WARN_DIRECT_OBJC_ISA_USAGE = YES_ERROR;
				CLANG_WARN_DOCUMENTATION_COMMENTS = YES;
				CLANG_WARN_EMPTY_BODY = YES;
				CLANG_WARN_ENUM_CONVERSION = YES;
				CLANG_WARN_INFINITE_RECURSION = YES;
				CLANG_WARN_INT_CONVERSION = YES;
				CLANG_WARN_NON_LITERAL_NULL_CONVERSION = YES;
				CLANG_WARN_OBJC_IMPLICIT_RETAIN_SELF = YES;
				CLANG_WARN_OBJC_LITERAL_CONVERSION = YES;
				CLANG_WARN_OBJC_ROOT_CLASS = YES_ERROR;
				CLANG_WARN_QUOTED_INCLUDE_IN_FRAMEWORK_HEADER = YES;
				CLANG_WARN_RANGE_LOOP_ANALYSIS = YES;
				CLANG_WARN_STRICT_PROTOTYPES = YES;
				CLANG_WARN_SUSPICIOUS_MOVE = YES;
				CLANG_WARN_UNGUARDED_AVAILABILITY = YES_AGGRESSIVE;
				CLANG_WARN_UNREACHABLE_CODE = YES;
				CLANG_WARN__DUPLICATE_METHOD_MATCH = YES;
				CODE_SIGN_STYLE = Automatic;
				COPY_PHASE_STRIP = NO;
				CURRENT_PROJECT_VERSION = 1;
				DEBUG_INFORMATION_FORMAT = dwarf;
				DEVELOPMENT_TEAM = ACTN9LPR35;
				ENABLE_STRICT_OBJC_MSGSEND = YES;
				ENABLE_TESTABILITY = YES;
				GCC_C_LANGUAGE_STANDARD = gnu11;
				GCC_DYNAMIC_NO_PIC = NO;
				GCC_NO_COMMON_BLOCKS = YES;
				GCC_OPTIMIZATION_LEVEL = 0;
				GCC_PREPROCESSOR_DEFINITIONS = (
					"$(inherited)",
					"DEBUG=1",
				);
				GCC_WARN_64_TO_32_BIT_CONVERSION = YES;
				GCC_WARN_ABOUT_RETURN_TYPE = YES_ERROR;
				GCC_WARN_UNDECLARED_SELECTOR = YES;
				GCC_WARN_UNINITIALIZED_AUTOS = YES_AGGRESSIVE;
				GCC_WARN_UNUSED_FUNCTION = YES;
				GCC_WARN_UNUSED_VARIABLE = YES;
				GENERATE_INFOPLIST_FILE = YES;
				MACOSX_DEPLOYMENT_TARGET = 14.0;
				MARKETING_VERSION = 0.1.0;
				MTL_ENABLE_DEBUG_INFO = INCLUDE_SOURCE;
				MTL_FAST_MATH = YES;
				ONLY_ACTIVE_ARCH = YES;
				PRODUCT_NAME = "$(TARGET_NAME)";
				SDKROOT = macosx;
				SWIFT_ACTIVE_COMPILATION_CONDITIONS = DEBUG;
				SWIFT_OPTIMIZATION_LEVEL = "-Onone";
				SWIFT_VERSION = 6.0;
			};
			name = Debug;
		};
		81FCA2864EC5A1D315C63099 /* Debug */ = {
			isa = XCBuildConfiguration;
			buildSettings = {
				ARCHS = arm64;
				ASSETCATALOG_COMPILER_APPICON_NAME = Zappie;
				COMBINE_HIDPI_IMAGES = YES;
				ENABLE_APP_SANDBOX = NO;
				ENABLE_HARDENED_RUNTIME = YES;
				INFOPLIST_KEY_LSApplicationCategoryType = "public.app-category.utilities";
				INFOPLIST_KEY_LSUIElement = YES;
				LD_RUNPATH_SEARCH_PATHS = (
					"$(inherited)",
					"@executable_path/../Frameworks",
				);
				PRODUCT_BUNDLE_IDENTIFIER = com.mxvixxn.Zappie;
				SDKROOT = macosx;
			};
			name = Debug;
		};
		87E4F29C8EBDF09E28BCD402 /* Release */ = {
			isa = XCBuildConfiguration;
			buildSettings = {
				ALWAYS_SEARCH_USER_PATHS = NO;
				CLANG_ANALYZER_NONNULL = YES;
				CLANG_ANALYZER_NUMBER_OBJECT_CONVERSION = YES_AGGRESSIVE;
				CLANG_CXX_LANGUAGE_STANDARD = "gnu++14";
				CLANG_CXX_LIBRARY = "libc++";
				CLANG_ENABLE_MODULES = YES;
				CLANG_ENABLE_OBJC_ARC = YES;
				CLANG_ENABLE_OBJC_WEAK = YES;
				CLANG_WARN_BLOCK_CAPTURE_AUTORELEASING = YES;
				CLANG_WARN_BOOL_CONVERSION = YES;
				CLANG_WARN_COMMA = YES;
				CLANG_WARN_CONSTANT_CONVERSION = YES;
				CLANG_WARN_DEPRECATED_OBJC_IMPLEMENTATIONS = YES;
				CLANG_WARN_DIRECT_OBJC_ISA_USAGE = YES_ERROR;
				CLANG_WARN_DOCUMENTATION_COMMENTS = YES;
				CLANG_WARN_EMPTY_BODY = YES;
				CLANG_WARN_ENUM_CONVERSION = YES;
				CLANG_WARN_INFINITE_RECURSION = YES;
				CLANG_WARN_INT_CONVERSION = YES;
				CLANG_WARN_NON_LITERAL_NULL_CONVERSION = YES;
				CLANG_WARN_OBJC_IMPLICIT_RETAIN_SELF = YES;
				CLANG_WARN_OBJC_LITERAL_CONVERSION = YES;
				CLANG_WARN_OBJC_ROOT_CLASS = YES_ERROR;
				CLANG_WARN_QUOTED_INCLUDE_IN_FRAMEWORK_HEADER = YES;
				CLANG_WARN_RANGE_LOOP_ANALYSIS = YES;
				CLANG_WARN_STRICT_PROTOTYPES = YES;
				CLANG_WARN_SUSPICIOUS_MOVE = YES;
				CLANG_WARN_UNGUARDED_AVAILABILITY = YES_AGGRESSIVE;
				CLANG_WARN_UNREACHABLE_CODE = YES;
				CLANG_WARN__DUPLICATE_METHOD_MATCH = YES;
				CODE_SIGN_STYLE = Automatic;
				COPY_PHASE_STRIP = NO;
				CURRENT_PROJECT_VERSION = 1;
				DEBUG_INFORMATION_FORMAT = "dwarf-with-dsym";
				DEVELOPMENT_TEAM = ACTN9LPR35;
				ENABLE_NS_ASSERTIONS = NO;
				ENABLE_STRICT_OBJC_MSGSEND = YES;
				GCC_C_LANGUAGE_STANDARD = gnu11;
				GCC_NO_COMMON_BLOCKS = YES;
				GCC_WARN_64_TO_32_BIT_CONVERSION = YES;
				GCC_WARN_ABOUT_RETURN_TYPE = YES_ERROR;
				GCC_WARN_UNDECLARED_SELECTOR = YES;
				GCC_WARN_UNINITIALIZED_AUTOS = YES_AGGRESSIVE;
				GCC_WARN_UNUSED_FUNCTION = YES;
				GCC_WARN_UNUSED_VARIABLE = YES;
				GENERATE_INFOPLIST_FILE = YES;
				MACOSX_DEPLOYMENT_TARGET = 14.0;
				MARKETING_VERSION = 0.1.0;
				MTL_ENABLE_DEBUG_INFO = NO;
				MTL_FAST_MATH = YES;
				PRODUCT_NAME = "$(TARGET_NAME)";
				SDKROOT = macosx;
				SWIFT_COMPILATION_MODE = wholemodule;
				SWIFT_OPTIMIZATION_LEVEL = "-O";
				SWIFT_VERSION = 6.0;
			};
			name = Release;
		};
		B7E73225A3BEF559BD87BA75 /* Debug */ = {
			isa = XCBuildConfiguration;
			buildSettings = {
				ARCHS = arm64;
				BUNDLE_LOADER = "$(TEST_HOST)";
				COMBINE_HIDPI_IMAGES = YES;
				GENERATE_INFOPLIST_FILE = YES;
				LD_RUNPATH_SEARCH_PATHS = (
					"$(inherited)",
					"@executable_path/../Frameworks",
					"@loader_path/../Frameworks",
				);
				PRODUCT_BUNDLE_IDENTIFIER = com.mxvixxn.ZappieTests;
				SDKROOT = macosx;
				TEST_HOST = "$(BUILT_PRODUCTS_DIR)/Zappie.app/Contents/MacOS/Zappie";
			};
			name = Debug;
		};
		F20E6185021427B19CBEE0D8 /* Release */ = {
			isa = XCBuildConfiguration;
			buildSettings = {
				ARCHS = arm64;
				BUNDLE_LOADER = "$(TEST_HOST)";
				COMBINE_HIDPI_IMAGES = YES;
				GENERATE_INFOPLIST_FILE = YES;
				LD_RUNPATH_SEARCH_PATHS = (
					"$(inherited)",
					"@executable_path/../Frameworks",
					"@loader_path/../Frameworks",
				);
				PRODUCT_BUNDLE_IDENTIFIER = com.mxvixxn.ZappieTests;
				SDKROOT = macosx;
				TEST_HOST = "$(BUILT_PRODUCTS_DIR)/Zappie.app/Contents/MacOS/Zappie";
			};
			name = Release;
		};
/* End XCBuildConfiguration section */

/* Begin XCConfigurationList section */
		1D67FB9F143FD203454B8223 /* Build configuration list for PBXProject "Zappie" */ = {
			isa = XCConfigurationList;
			buildConfigurations = (
				6384232D32BD4BB8EE98D62E /* Debug */,
				87E4F29C8EBDF09E28BCD402 /* Release */,
			);
			defaultConfigurationIsVisible = 0;
			defaultConfigurationName = Debug;
		};
		A2B84A35B6DC780BAF6F65B0 /* Build configuration list for PBXNativeTarget "ZappieTests" */ = {
			isa = XCConfigurationList;
			buildConfigurations = (
				B7E73225A3BEF559BD87BA75 /* Debug */,
				F20E6185021427B19CBEE0D8 /* Release */,
			);
			defaultConfigurationIsVisible = 0;
			defaultConfigurationName = Debug;
		};
		EF05A036E44648FD4BC48045 /* Build configuration list for PBXNativeTarget "Zappie" */ = {
			isa = XCConfigurationList;
			buildConfigurations = (
				81FCA2864EC5A1D315C63099 /* Debug */,
				086E15CED771968515B1DE84 /* Release */,
			);
			defaultConfigurationIsVisible = 0;
			defaultConfigurationName = Debug;
		};
/* End XCConfigurationList section */
	};
	rootObject = 525606333E979EE831764C6E /* Project object */;
}
